
Microsoft Visual Studio Solution File, Format Version 12.00
# Visual Studio 2010
Project("{2150E333-8FDC-42A3-9474-1A3956D46DE8}") = "Solution Items", "Solution Items", "{C4C795F2-CB71-46C6-AB32-6772BB96EFC4}"
EndProject
Project("{FAE04EC0-301F-11D3-BF4B-00C04F79EFBC}") = "Classification", "src\Classification\Classification.csproj", "{D2D22303-B82C-4971-85B1-F659D5268E8F}"
EndProject
Project("{FAE04EC0-301F-11D3-BF4B-00C04F79EFBC}") = "Test", "test-src\Test\Test.csproj", "{B19689DC-F56D-4A1B-9EE6-F601B4463D6F}"
EndProject
Project("{FAE04EC0-301F-11D3-BF4B-00C04F79EFBC}") = "Classification.Tests", "test-src\Classification.Tests\Classification.Tests.csproj", "{A53F19B5-EA53-425C-B1A3-477ED66274E6}"
EndProject
Project("{2150E333-8FDC-42A3-9474-1A3956D46DE8}") = "Tests", "Tests", "{F7782585-7B56-4A3A-8065-EC78F69D8D0D}"
EndProject
Project("{2150E333-8FDC-42A3-9474-1A3956D46DE8}") = ".nuget", ".nuget", "{1B301B4C-7CF7-4BFB-95CA-8AE911914BBC}"
	ProjectSection(SolutionItems) = preProject
		.nuget\NuGet.Config = .nuget\NuGet.Config
		.nuget\NuGet.exe = .nuget\NuGet.exe
		.nuget\NuGet.targets = .nuget\NuGet.targets
	EndProjectSection
EndProject
Global
	GlobalSection(SolutionConfigurationPlatforms) = preSolution
		Debug|Any CPU = Debug|Any CPU
		Release|Any CPU = Release|Any CPU
	EndGlobalSection
	GlobalSection(ProjectConfigurationPlatforms) = postSolution
		{D2D22303-B82C-4971-85B1-F659D5268E8F}.Debug|Any CPU.ActiveCfg = Debug|Any CPU
		{D2D22303-B82C-4971-85B1-F659D5268E8F}.Debug|Any CPU.Build.0 = Debug|Any CPU
		{D2D22303-B82C-4971-85B1-F659D5268E8F}.Release|Any CPU.ActiveCfg = Release|Any CPU
		{D2D22303-B82C-4971-85B1-F659D5268E8F}.Release|Any CPU.Build.0 = Release|Any CPU
		{B19689DC-F56D-4A1B-9EE6-F601B4463D6F}.Debug|Any CPU.ActiveCfg = Debug|Any CPU
		{B19689DC-F56D-4A1B-9EE6-F601B4463D6F}.Debug|Any CPU.Build.0 = Debug|Any CPU
		{B19689DC-F56D-4A1B-9EE6-F601B4463D6F}.Release|Any CPU.ActiveCfg = Release|Any CPU
		{B19689DC-F56D-4A1B-9EE6-F601B4463D6F}.Release|Any CPU.Build.0 = Release|Any CPU
		{A53F19B5-EA53-425C-B1A3-477ED66274E6}.Debug|Any CPU.ActiveCfg = Debug|Any CPU
		{A53F19B5-EA53-425C-B1A3-477ED66274E6}.Debug|Any CPU.Build.0 = Debug|Any CPU
		{A53F19B5-EA53-425C-B1A3-477ED66274E6}.Release|Any CPU.ActiveCfg = Release|Any CPU
		{A53F19B5-EA53-425C-B1A3-477ED66274E6}.Release|Any CPU.Build.0 = Release|Any CPU
	EndGlobalSection
	GlobalSection(SolutionProperties) = preSolution
		HideSolutionNode = FALSE
	EndGlobalSection
	GlobalSection(NestedProjects) = preSolution
		{D2D22303-B82C-4971-85B1-F659D5268E8F} = {C4C795F2-CB71-46C6-AB32-6772BB96EFC4}
		{F7782585-7B56-4A3A-8065-EC78F69D8D0D} = {C4C795F2-CB71-46C6-AB32-6772BB96EFC4}
		{A53F19B5-EA53-425C-B1A3-477ED66274E6} = {F7782585-7B56-4A3A-8065-EC78F69D8D0D}
		{B19689DC-F56D-4A1B-9EE6-F601B4463D6F} = {F7782585-7B56-4A3A-8065-EC78F69D8D0D}
	EndGlobalSection
EndGlobal
